
Microsoft Visual Studio Solution File, Format Version 12.00
# Visual Studio Version 17
VisualStudioVersion = 17.6.33815.320
MinimumVisualStudioVersion = 10.0.40219.1
Project("{FAE04EC0-301F-11D3-BF4B-00C04F79EFBC}") = "webapplication-aspx", "webapplication-aspx.csproj", "{06E45869-624B-4D2F-ACEA-72CE809E39B7}"
EndProject
Global
	GlobalSection(SolutionConfigurationPlatforms) = preSolution
		Debug|Any CPU = Debug|Any CPU
		Release|Any CPU = Release|Any CPU
	EndGlobalSection
	GlobalSection(ProjectConfigurationPlatforms) = postSolution
		{06E45869-624B-4D2F-ACEA-72CE809E39B7}.Debug|Any CPU.ActiveCfg = Debug|Any CPU
		{06E45869-624B-4D2F-ACEA-72CE809E39B7}.Debug|Any CPU.Build.0 = Debug|Any CPU
		{06E45869-624B-4D2F-ACEA-72CE809E39B7}.Release|Any CPU.ActiveCfg = Release|Any CPU
		{06E45869-624B-4D2F-ACEA-72CE809E39B7}.Release|Any CPU.Build.0 = Release|Any CPU
	EndGlobalSection
	GlobalSection(SolutionProperties) = preSolution
		HideSolutionNode = FALSE
	EndGlobalSection
	GlobalSection(ExtensibilityGlobals) = postSolution
		SolutionGuid = {518271CA-E96D-4D8D-9A59-2B90B62C7C2D}
	EndGlobalSection
EndGlobal
